// !$*UTF8*$!
{
	archiveVersion = 1;
	classes = {
	};
	objectVersion = 50;
	objects = {

/* Begin PBXBuildFile section */
		403CBC2B21BEF43C0048F2CA /* AppDelegate.swift in Sources */ = {isa = PBXBuildFile; fileRef = 403CBC2A21BEF43C0048F2CA /* AppDelegate.swift */; };
		403CBC2D21BEF43C0048F2CA /* ViewController.swift in Sources */ = {isa = PBXBuildFile; fileRef = 403CBC2C21BEF43C0048F2CA /* ViewController.swift */; };
		403CBC3021BEF43C0048F2CA /* Main.storyboard in Resources */ = {isa = PBXBuildFile; fileRef = 403CBC2E21BEF43C0048F2CA /* Main.storyboard */; };
		403CBC3221BEF43E0048F2CA /* Assets.xcassets in Resources */ = {isa = PBXBuildFile; fileRef = 403CBC3121BEF43E0048F2CA /* Assets.xcassets */; };
		403CBC3521BEF43E0048F2CA /* LaunchScreen.storyboard in Resources */ = {isa = PBXBuildFile; fileRef = 403CBC3321BEF43E0048F2CA /* LaunchScreen.storyboard */; };
		406674C921C1956600B83354 /* ViewController2.swift in Sources */ = {isa = PBXBuildFile; fileRef = 406674C821C1956600B83354 /* ViewController2.swift */; };
/* End PBXBuildFile section */

/* Begin PBXFileReference section */
		403CBC2721BEF43C0048F2CA /* SaleryCalc.app */ = {isa = PBXFileReference; explicitFileType = wrapper.application; includeInIndex = 0; path = SaleryCalc.app; sourceTree = BUILT_PRODUCTS_DIR; };
		403CBC2A21BEF43C0048F2CA /* AppDelegate.swift */ = {isa = PBXFileReference; lastKnownFileType = sourcecode.swift; path = AppDelegate.swift; sourceTree = "<group>"; };
		403CBC2C21BEF43C0048F2CA /* ViewController.swift */ = {isa = PBXFileReference; lastKnownFileType = sourcecode.swift; path = ViewController.swift; sourceTree = "<group>"; };
		403CBC2F21BEF43C0048F2CA /* Base */ = {isa = PBXFileReference; lastKnownFileType = file.storyboard; name = Base; path = Base.lproj/Main.storyboard; sourceTree = "<group>"; };
		403CBC3121BEF43E0048F2CA /* Assets.xcassets */ = {isa = PBXFileReference; lastKnownFileType = folder.assetcatalog; path = Assets.xcassets; sourceTree = "<group>"; };
		403CBC3421BEF43E0048F2CA /* Base */ = {isa = PBXFileReference; lastKnownFileType = file.storyboard; name = Base; path = Base.lproj/LaunchScreen.storyboard; sourceTree = "<group>"; };
		403CBC3621BEF43E0048F2CA /* Info.plist */ = {isa = PBXFileReference; lastKnownFileType = text.plist.xml; path = Info.plist; sourceTree = "<group>"; };
		406674C821C1956600B83354 /* ViewController2.swift */ = {isa = PBXFileReference; lastKnownFileType = sourcecode.swift; path = ViewController2.swift; sourceTree = "<group>"; };
/* End PBXFileReference section */

/* Begin PBXFrameworksBuildPhase section */
		403CBC2421BEF43C0048F2CA /* Frameworks */ = {
			isa = PBXFrameworksBuildPhase;
			buildActionMask = 2147483647;
			files = (
			);
			runOnlyForDeploymentPostprocessing = 0;
		};
/* End PBXFrameworksBuildPhase section */

/* Begin PBXGroup section */
		403CBC1E21BEF43C0048F2CA = {
			isa = PBXGroup;
			children = (
				403CBC2921BEF43C0048F2CA /* SaleryCalc */,
				403CBC2821BEF43C0048F2CA /* Products */,
			);
			sourceTree = "<group>";
		};
		403CBC2821BEF43C0048F2CA /* Products */ = {
			isa = PBXGroup;
			children = (
				403CBC2721BEF43C0048F2CA /* SaleryCalc.app */,
			);
			name = Products;
			sourceTree = "<group>";
		};
		403CBC2921BEF43C0048F2CA /* SaleryCalc */ = {
			isa = PBXGroup;
			children = (
				403CBC2A21BEF43C0048F2CA /* AppDelegate.swift */,
				403CBC2C21BEF43C0048F2CA /* ViewController.swift */,
				403CBC2E21BEF43C0048F2CA /* Main.storyboard */,
				403CBC3121BEF43E0048F2CA /* Assets.xcassets */,
				403CBC3321BEF43E0048F2CA /* LaunchScreen.storyboard */,
				403CBC3621BEF43E0048F2CA /* Info.plist */,
				406674C821C1956600B83354 /* ViewController2.swift */,
			);
			path = SaleryCalc;
			sourceTree = "<group>";
		};
/* End PBXGroup section */

/* Begin PBXNativeTarget section */
		403CBC2621BEF43C0048F2CA /* SaleryCalc */ = {
			isa = PBXNativeTarget;
			buildConfigurationList = 403CBC3921BEF43E0048F2CA /* Build configuration list for PBXNativeTarget "SaleryCalc" */;
			buildPhases = (
				403CBC2321BEF43C0048F2CA /* Sources */,
				403CBC2421BEF43C0048F2CA /* Frameworks */,
				403CBC2521BEF43C0048F2CA /* Resources */,
			);
			buildRules = (
			);
			dependencies = (
			);
			name = SaleryCalc;
			productName = SaleryCalc;
			productReference = 403CBC2721BEF43C0048F2CA /* SaleryCalc.app */;
			productType = "com.apple.product-type.application";
		};
/* End PBXNativeTarget section */

/* Begin PBXProject section */
		403CBC1F21BEF43C0048F2CA /* Project object */ = {
			isa = PBXProject;
			attributes = {
				LastSwiftUpdateCheck = 1010;
				LastUpgradeCheck = 1010;
				ORGANIZATIONNAME = "Dion Boles";
				TargetAttributes = {
					403CBC2621BEF43C0048F2CA = {
						CreatedOnToolsVersion = 10.1;
						LastSwiftMigration = 1020;
					};
				};
			};
			buildConfigurationList = 403CBC2221BEF43C0048F2CA /* Build configuration list for PBXProject "SaleryCalc" */;
			compatibilityVersion = "Xcode 9.3";
			developmentRegion = en;
			hasScannedForEncodings = 0;
			knownRegions = (
				en,
				Base,
			);
			mainGroup = 403CBC1E21BEF43C0048F2CA;
			productRefGroup = 403CBC2821BEF43C0048F2CA /* Products */;
			projectDirPath = "";
			projectRoot = "";
			targets = (
				403CBC2621BEF43C0048F2CA /* SaleryCalc */,
			);
		};
/* End PBXProject section */

/* Begin PBXResourcesBuildPhase section */
		403CBC2521BEF43C0048F2CA /* Resources */ = {
			isa = PBXResourcesBuildPhase;
			buildActionMask = 2147483647;
			files = (
				403CBC3521BEF43E0048F2CA /* LaunchScreen.storyboard in Resources */,
				403CBC3221BEF43E0048F2CA /* Assets.xcassets in Resources */,
				403CBC3021BEF43C0048F2CA /* Main.storyboard in Resources */,
			);
			runOnlyForDeploymentPostprocessing = 0;
		};
/* End PBXResourcesBuildPhase section */

/* Begin PBXSourcesBuildPhase section */
		403CBC2321BEF43C0048F2CA /* Sources */ = {
			isa = PBXSourcesBuildPhase;
			buildActionMask = 2147483647;
			files = (
				403CBC2D21BEF43C0048F2CA /* ViewController.swift in Sources */,
				403CBC2B21BEF43C0048F2CA /* AppDelegate.swift in Sources */,
				406674C921C1956600B83354 /* ViewController2.swift in Sources */,
			);
			runOnlyForDeploymentPostprocessing = 0;
		};
/* End PBXSourcesBuildPhase section */

/* Begin PBXVariantGroup section */
		403CBC2E21BEF43C0048F2CA /* Main.storyboard */ = {
			isa = PBXVariantGroup;
			children = (
				403CBC2F21BEF43C0048F2CA /* Base */,
			);
			name = Main.storyboard;
			sourceTree = "<group>";
		};
		403CBC3321BEF43E0048F2CA /* LaunchScreen.storyboard */ = {
			isa = PBXVariantGroup;
			children = (
				403CBC3421BEF43E0048F2CA /* Base */,
			);
			name = LaunchScreen.storyboard;
			sourceTree = "<group>";
		};
/* End PBXVariantGroup section */

/* Begin XCBuildConfiguration section */
		403CBC3721BEF43E0048F2CA /* Debug */ = {
			isa = XCBuildConfiguration;
			buildSettings = {
				ALWAYS_SEARCH_USER_PATHS = NO;
				CLANG_ANALYZER_NONNULL = YES;
				CLANG_ANALYZER_NUMBER_OBJECT_CONVERSION = YES_AGGRESSIVE;
				CLANG_CXX_LANGUAGE_STANDARD = "gnu++14";
				CLANG_CXX_LIBRARY = "libc++";
				CLANG_ENABLE_MODULES = YES;
				CLANG_ENABLE_OBJC_ARC = YES;
				CLANG_ENABLE_OBJC_WEAK = YES;
				CLANG_WARN_BLOCK_CAPTURE_AUTORELEASING = YES;
				CLANG_WARN_BOOL_CONVERSION = YES;
				CLANG_WARN_COMMA = YES;
				CLANG_WARN_CONSTANT_CONVERSION = YES;
				CLANG_WARN_DEPRECATED_OBJC_IMPLEMENTATIONS = YES;
				CLANG_WARN_DIRECT_OBJC_ISA_USAGE = YES_ERROR;
				CLANG_WARN_DOCUMENTATION_COMMENTS = YES;
				CLANG_WARN_EMPTY_BODY = YES;
				CLANG_WARN_ENUM_CONVERSION = YES;
				CLANG_WARN_INFINITE_RECURSION = YES;
				CLANG_WARN_INT_CONVERSION = YES;
				CLANG_WARN_NON_LITERAL_NULL_CONVERSION = YES;
				CLANG_WARN_OBJC_IMPLICIT_RETAIN_SELF = YES;
				CLANG_WARN_OBJC_LITERAL_CONVERSION = YES;
				CLANG_WARN_OBJC_ROOT_CLASS = YES_ERROR;
				CLANG_WARN_RANGE_LOOP_ANALYSIS = YES;
				CLANG_WARN_STRICT_PROTOTYPES = YES;
				CLANG_WARN_SUSPICIOUS_MOVE = YES;
				CLANG_WARN_UNGUARDED_AVAILABILITY = YES_AGGRESSIVE;
				CLANG_WARN_UNREACHABLE_CODE = YES;
				CLANG_WARN__DUPLICATE_METHOD_MATCH = YES;
				CODE_SIGN_IDENTITY = "iPhone Developer";
				COPY_PHASE_STRIP = NO;
				DEBUG_INFORMATION_FORMAT = dwarf;
				ENABLE_STRICT_OBJC_MSGSEND = YES;
				ENABLE_TESTABILITY = YES;
				GCC_C_LANGUAGE_STANDARD = gnu11;
				GCC_DYNAMIC_NO_PIC = NO;
				GCC_NO_COMMON_BLOCKS = YES;
				GCC_OPTIMIZATION_LEVEL = 0;
				GCC_PREPROCESSOR_DEFINITIONS = (
					"DEBUG=1",
					"$(inherited)",
				);
				GCC_WARN_64_TO_32_BIT_CONVERSION = YES;
				GCC_WARN_ABOUT_RETURN_TYPE = YES_ERROR;
				GCC_WARN_UNDECLARED_SELECTOR = YES;
				GCC_WARN_UNINITIALIZED_AUTOS = YES_AGGRESSIVE;
				GCC_WARN_UNUSED_FUNCTION = YES;
				GCC_WARN_UNUSED_VARIABLE = YES;
				IPHONEOS_DEPLOYMENT_TARGET = 12.1;
				MTL_ENABLE_DEBUG_INFO = INCLUDE_SOURCE;
				MTL_FAST_MATH = YES;
				ONLY_ACTIVE_ARCH = YES;
				SDKROOT = iphoneos;
				SWIFT_ACTIVE_COMPILATION_CONDITIONS = DEBUG;
				SWIFT_OPTIMIZATION_LEVEL = "-Onone";
			};
			name = Debug;
		};
		403CBC3821BEF43E0048F2CA /* Release */ = {
			isa = XCBuildConfiguration;
			buildSettings = {
				ALWAYS_SEARCH_USER_PATHS = NO;
				CLANG_ANALYZER_NONNULL = YES;
				CLANG_ANALYZER_NUMBER_OBJECT_CONVERSION = YES_AGGRESSIVE;
				CLANG_CXX_LANGUAGE_STANDARD = "gnu++14";
				CLANG_CXX_LIBRARY = "libc++";
				CLANG_ENABLE_MODULES = YES;
				CLANG_ENABLE_OBJC_ARC = YES;
				CLANG_ENABLE_OBJC_WEAK = YES;
				CLANG_WARN_BLOCK_CAPTURE_AUTORELEASING = YES;
				CLANG_WARN_BOOL_CONVERSION = YES;
				CLANG_WARN_COMMA = YES;
				CLANG_WARN_CONSTANT_CONVERSION = YES;
				CLANG_WARN_DEPRECATED_OBJC_IMPLEMENTATIONS = YES;
				CLANG_WARN_DIRECT_OBJC_ISA_USAGE = YES_ERROR;
				CLANG_WARN_DOCUMENTATION_COMMENTS = YES;
				CLANG_WARN_EMPTY_BODY = YES;
				CLANG_WARN_ENUM_CONVERSION = YES;
				CLANG_WARN_INFINITE_RECURSION = YES;
				CLANG_WARN_INT_CONVERSION = YES;
				CLANG_WARN_NON_LITERAL_NULL_CONVERSION = YES;
				CLANG_WARN_OBJC_IMPLICIT_RETAIN_SELF = YES;
				CLANG_WARN_OBJC_LITERAL_CONVERSION = YES;
				CLANG_WARN_OBJC_ROOT_CLASS = YES_ERROR;
				CLANG_WARN_RANGE_LOOP_ANALYSIS = YES;
				CLANG_WARN_STRICT_PROTOTYPES = YES;
				CLANG_WARN_SUSPICIOUS_MOVE = YES;
				CLANG_WARN_UNGUARDED_AVAILABILITY = YES_AGGRESSIVE;
				CLANG_WARN_UNREACHABLE_CODE = YES;
				CLANG_WARN__DUPLICATE_METHOD_MATCH = YES;
				CODE_SIGN_IDENTITY = "iPhone Developer";
				COPY_PHASE_STRIP = NO;
				DEBUG_INFORMATION_FORMAT = "dwarf-with-dsym";
				ENABLE_NS_ASSERTIONS = NO;
				ENABLE_STRICT_OBJC_MSGSEND = YES;
				GCC_C_LANGUAGE_STANDARD = gnu11;
				GCC_NO_COMMON_BLOCKS = YES;
				GCC_WARN_64_TO_32_BIT_CONVERSION = YES;
				GCC_WARN_ABOUT_RETURN_TYPE = YES_ERROR;
				GCC_WARN_UNDECLARED_SELECTOR = YES;
				GCC_WARN_UNINITIALIZED_AUTOS = YES_AGGRESSIVE;
				GCC_WARN_UNUSED_FUNCTION = YES;
				GCC_WARN_UNUSED_VARIABLE = YES;
				IPHONEOS_DEPLOYMENT_TARGET = 12.1;
				MTL_ENABLE_DEBUG_INFO = NO;
				MTL_FAST_MATH = YES;
				SDKROOT = iphoneos;
				SWIFT_COMPILATION_MODE = wholemodule;
				SWIFT_OPTIMIZATION_LEVEL = "-O";
				VALIDATE_PRODUCT = YES;
			};
			name = Release;
		};
		403CBC3A21BEF43E0048F2CA /* Debug */ = {
			isa = XCBuildConfiguration;
			buildSettings = {
				ASSETCATALOG_COMPILER_APPICON_NAME = AppIcon;
				CODE_SIGN_STYLE = Automatic;
				DEVELOPMENT_TEAM = WPDGX34294;
				INFOPLIST_FILE = SaleryCalc/Info.plist;
				LD_RUNPATH_SEARCH_PATHS = (
					"$(inherited)",
					"@executable_path/Frameworks",
				);
				PRODUCT_BUNDLE_IDENTIFIER = com.dion.boles.me.SaleryCalc;
				PRODUCT_NAME = "$(TARGET_NAME)";
				SWIFT_VERSION = 5.0;
				TARGETED_DEVICE_FAMILY = "1,2";
			};
			name = Debug;
		};
		403CBC3B21BEF43E0048F2CA /* Release */ = {
			isa = XCBuildConfiguration;
			buildSettings = {
				ASSETCATALOG_COMPILER_APPICON_NAME = AppIcon;
				CODE_SIGN_STYLE = Automatic;
				DEVELOPMENT_TEAM = WPDGX34294;
				INFOPLIST_FILE = SaleryCalc/Info.plist;
				LD_RUNPATH_SEARCH_PATHS = (
					"$(inherited)",
					"@executable_path/Frameworks",
				);
				PRODUCT_BUNDLE_IDENTIFIER = com.dion.boles.me.SaleryCalc;
				PRODUCT_NAME = "$(TARGET_NAME)";
				SWIFT_VERSION = 5.0;
				TARGETED_DEVICE_FAMILY = "1,2";
			};
			name = Release;
		};
/* End XCBuildConfiguration section */

/* Begin XCConfigurationList section */
		403CBC2221BEF43C0048F2CA /* Build configuration list for PBXProject "SaleryCalc" */ = {
			isa = XCConfigurationList;
			buildConfigurations = (
				403CBC3721BEF43E0048F2CA /* Debug */,
				403CBC3821BEF43E0048F2CA /* Release */,
			);
			defaultConfigurationIsVisible = 0;
			defaultConfigurationName = Release;
		};
		403CBC3921BEF43E0048F2CA /* Build configuration list for PBXNativeTarget "SaleryCalc" */ = {
			isa = XCConfigurationList;
			buildConfigurations = (
				403CBC3A21BEF43E0048F2CA /* Debug */,
				403CBC3B21BEF43E0048F2CA /* Release */,
			);
			defaultConfigurationIsVisible = 0;
			defaultConfigurationName = Release;
		};
/* End XCConfigurationList section */
	};
	rootObject = 403CBC1F21BEF43C0048F2CA /* Project object */;
}
